
Microsoft Visual Studio Solution File, Format Version 12.00
# Visual Studio Version 16
VisualStudioVersion = 16.0.32126.315
MinimumVisualStudioVersion = 10.0.40219.1
Project("{E24C65DC-7377-472B-9ABA-BC803B73C61A}") = "Ejercicio4Csharp", "Ejercicio4Csharp\", "{CDBE9593-E12A-492D-9090-363D8F88E996}"
	ProjectSection(WebsiteProperties) = preProject
		TargetFrameworkMoniker = ".NETFramework,Version%3Dv4.7.2"
		Debug.AspNetCompiler.VirtualPath = "/localhost_61076"
		Debug.AspNetCompiler.PhysicalPath = "Ejercicio4Csharp\"
		Debug.AspNetCompiler.TargetPath = "PrecompiledWeb\localhost_61076\"
		Debug.AspNetCompiler.Updateable = "true"
		Debug.AspNetCompiler.ForceOverwrite = "true"
		Debug.AspNetCompiler.FixedNames = "false"
		Debug.AspNetCompiler.Debug = "True"
		Release.AspNetCompiler.VirtualPath = "/localhost_61076"
		Release.AspNetCompiler.PhysicalPath = "Ejercicio4Csharp\"
		Release.AspNetCompiler.TargetPath = "PrecompiledWeb\localhost_61076\"
		Release.AspNetCompiler.Updateable = "true"
		Release.AspNetCompiler.ForceOverwrite = "true"
		Release.AspNetCompiler.FixedNames = "false"
		Release.AspNetCompiler.Debug = "False"
		VWDPort = "61076"
		SlnRelativePath = "Ejercicio4Csharp\"
		DefaultWebSiteLanguage = "Visual C#"
	EndProjectSection
EndProject
Global
	GlobalSection(SolutionConfigurationPlatforms) = preSolution
		Debug|Any CPU = Debug|Any CPU
	EndGlobalSection
	GlobalSection(ProjectConfigurationPlatforms) = postSolution
		{CDBE9593-E12A-492D-9090-363D8F88E996}.Debug|Any CPU.ActiveCfg = Debug|Any CPU
		{CDBE9593-E12A-492D-9090-363D8F88E996}.Debug|Any CPU.Build.0 = Debug|Any CPU
	EndGlobalSection
	GlobalSection(SolutionProperties) = preSolution
		HideSolutionNode = FALSE
	EndGlobalSection
	GlobalSection(ExtensibilityGlobals) = postSolution
		SolutionGuid = {1A47FC6E-C693-4355-8273-C71A0CD111DB}
	EndGlobalSection
EndGlobal
