
Microsoft Visual Studio Solution File, Format Version 12.00
# Visual Studio Version 16
VisualStudioVersion = 16.0.32126.315
MinimumVisualStudioVersion = 10.0.40219.1
Project("{F2A71F9B-5D33-465A-A702-920D77279786}") = "Ejercicio1FSharp", "Ejercicio1FSharp\Ejercicio1FSharp.fsproj", "{BC125EE3-9292-427F-8864-BB98990A9BA5}"
EndProject
Global
	GlobalSection(SolutionConfigurationPlatforms) = preSolution
		Debug|Any CPU = Debug|Any CPU
		Release|Any CPU = Release|Any CPU
	EndGlobalSection
	GlobalSection(ProjectConfigurationPlatforms) = postSolution
		{BC125EE3-9292-427F-8864-BB98990A9BA5}.Debug|Any CPU.ActiveCfg = Debug|Any CPU
		{BC125EE3-9292-427F-8864-BB98990A9BA5}.Debug|Any CPU.Build.0 = Debug|Any CPU
		{BC125EE3-9292-427F-8864-BB98990A9BA5}.Release|Any CPU.ActiveCfg = Release|Any CPU
		{BC125EE3-9292-427F-8864-BB98990A9BA5}.Release|Any CPU.Build.0 = Release|Any CPU
	EndGlobalSection
	GlobalSection(SolutionProperties) = preSolution
		HideSolutionNode = FALSE
	EndGlobalSection
	GlobalSection(ExtensibilityGlobals) = postSolution
		SolutionGuid = {4DA54445-B1BB-4A86-AE80-CB842210C45B}
	EndGlobalSection
EndGlobal
